{
  "name": "zerox",
  "version": "1.0.0",
  "lockfileVersion": 3,
  "requires": true,
  "packages": {
    "": {
      "name": "zerox",
      "version": "1.0.0",
      "license": "ISC",
      "devDependencies": {}
    },
    "node_modules/.pnpm/all@0.0.0/node_modules/all": {
      "version": "0.0.0",
      "extraneous": true,
      "license": "MIT",
      "devDependencies": {}
    }
  }
}
